
Microsoft Visual Studio Solution File, Format Version 12.00
# Visual Studio Version 17
VisualStudioVersion = 17.6.33723.286
MinimumVisualStudioVersion = 10.0.40219.1
Project("{FAE04EC0-301F-11D3-BF4B-00C04F79EFBC}") = "SearchDoc", "SearchDoc.csproj", "{F8C13BCD-8861-458A-B67A-936EFE32F8BE}"
EndProject
Global
	GlobalSection(SolutionConfigurationPlatforms) = preSolution
		Debug|Any CPU = Debug|Any CPU
		Release|Any CPU = Release|Any CPU
	EndGlobalSection
	GlobalSection(ProjectConfigurationPlatforms) = postSolution
		{F8C13BCD-8861-458A-B67A-936EFE32F8BE}.Debug|Any CPU.ActiveCfg = Debug|Any CPU
		{F8C13BCD-8861-458A-B67A-936EFE32F8BE}.Debug|Any CPU.Build.0 = Debug|Any CPU
		{F8C13BCD-8861-458A-B67A-936EFE32F8BE}.Release|Any CPU.ActiveCfg = Release|Any CPU
		{F8C13BCD-8861-458A-B67A-936EFE32F8BE}.Release|Any CPU.Build.0 = Release|Any CPU
	EndGlobalSection
	GlobalSection(SolutionProperties) = preSolution
		HideSolutionNode = FALSE
	EndGlobalSection
	GlobalSection(ExtensibilityGlobals) = postSolution
		SolutionGuid = {90691430-DE5F-4191-86F6-43D3B073C3C1}
	EndGlobalSection
EndGlobal
